
Microsoft Visual Studio Solution File, Format Version 12.00
# Visual Studio Version 17
VisualStudioVersion = 17.8.34330.188
MinimumVisualStudioVersion = 10.0.40219.1
Project("{FAE04EC0-301F-11D3-BF4B-00C04F79EFBC}") = "ILA3 Finanzplaner", "ILA3 Finanzplaner\ILA3 Finanzplaner.csproj", "{2D1BC06C-A09D-4B4C-8409-DA5CA3DE491F}"
EndProject
Global
	GlobalSection(SolutionConfigurationPlatforms) = preSolution
		Debug|Any CPU = Debug|Any CPU
		Release|Any CPU = Release|Any CPU
	EndGlobalSection
	GlobalSection(ProjectConfigurationPlatforms) = postSolution
		{2D1BC06C-A09D-4B4C-8409-DA5CA3DE491F}.Debug|Any CPU.ActiveCfg = Debug|Any CPU
		{2D1BC06C-A09D-4B4C-8409-DA5CA3DE491F}.Debug|Any CPU.Build.0 = Debug|Any CPU
		{2D1BC06C-A09D-4B4C-8409-DA5CA3DE491F}.Debug|Any CPU.Deploy.0 = Debug|Any CPU
		{2D1BC06C-A09D-4B4C-8409-DA5CA3DE491F}.Release|Any CPU.ActiveCfg = Release|Any CPU
		{2D1BC06C-A09D-4B4C-8409-DA5CA3DE491F}.Release|Any CPU.Build.0 = Release|Any CPU
		{2D1BC06C-A09D-4B4C-8409-DA5CA3DE491F}.Release|Any CPU.Deploy.0 = Release|Any CPU
	EndGlobalSection
	GlobalSection(SolutionProperties) = preSolution
		HideSolutionNode = FALSE
	EndGlobalSection
	GlobalSection(ExtensibilityGlobals) = postSolution
		SolutionGuid = {50592507-8A40-4736-8615-D3B1BB2647AF}
	EndGlobalSection
EndGlobal
